// !$*UTF8*$!
{
	archiveVersion = 1;
	classes = {
	};
	objectVersion = 55;
	objects = {

/* Begin PBXBuildFile section */
		BE30E23E2725DA2000EF3069 /* PokemonsDataModel.swift in Sources */ = {isa = PBXBuildFile; fileRef = BE30E23D2725DA2000EF3069 /* PokemonsDataModel.swift */; };
		BEE716812724D88E00A286C3 /* PokeDextroApp.swift in Sources */ = {isa = PBXBuildFile; fileRef = BEE716712724D88C00A286C3 /* PokeDextroApp.swift */; };
		BEE716832724D88E00A286C3 /* ContentView.swift in Sources */ = {isa = PBXBuildFile; fileRef = BEE716722724D88C00A286C3 /* ContentView.swift */; };
		BEE716852724D88E00A286C3 /* Assets.xcassets in Resources */ = {isa = PBXBuildFile; fileRef = BEE716732724D88E00A286C3 /* Assets.xcassets */; };
		BEE716902724D92900A286C3 /* PokemonList.swift in Sources */ = {isa = PBXBuildFile; fileRef = BEE7168F2724D92900A286C3 /* PokemonList.swift */; };
		BEE716952724DA7700A286C3 /* Network.swift in Sources */ = {isa = PBXBuildFile; fileRef = BEE716942724DA7700A286C3 /* Network.swift */; };
		BEE716992724DACF00A286C3 /* Pokemon.swift in Sources */ = {isa = PBXBuildFile; fileRef = BEE716982724DACF00A286C3 /* Pokemon.swift */; };
		BEE7169C2724E18E00A286C3 /* PokemonCell.swift in Sources */ = {isa = PBXBuildFile; fileRef = BEE7169B2724E18E00A286C3 /* PokemonCell.swift */; };
		BEE7169E2724E39900A286C3 /* PokemonDescriptionView.swift in Sources */ = {isa = PBXBuildFile; fileRef = BEE7169D2724E39900A286C3 /* PokemonDescriptionView.swift */; };
		BEE716A62724EE6E00A286C3 /* PokeDextroNetworkTests.swift in Sources */ = {isa = PBXBuildFile; fileRef = BEE716A52724EE6E00A286C3 /* PokeDextroNetworkTests.swift */; };
		BEE716B02724F1CC00A286C3 /* Data+Extension.swift in Sources */ = {isa = PBXBuildFile; fileRef = BEE716AF2724F1CC00A286C3 /* Data+Extension.swift */; };
		BEE716B32724F8C300A286C3 /* PokedexView.swift in Sources */ = {isa = PBXBuildFile; fileRef = BEE716B22724F8C300A286C3 /* PokedexView.swift */; };
		BEE716B82724FC6000A286C3 /* CacheAsyncImage.swift in Sources */ = {isa = PBXBuildFile; fileRef = BEE716B72724FC6000A286C3 /* CacheAsyncImage.swift */; };
		BEE716BA272508B900A286C3 /* ErrorView.swift in Sources */ = {isa = PBXBuildFile; fileRef = BEE716B9272508B900A286C3 /* ErrorView.swift */; };
/* End PBXBuildFile section */

/* Begin PBXContainerItemProxy section */
		BEE716A72724EE6E00A286C3 /* PBXContainerItemProxy */ = {
			isa = PBXContainerItemProxy;
			containerPortal = BEE7166C2724D88C00A286C3 /* Project object */;
			proxyType = 1;
			remoteGlobalIDString = BEE716772724D88E00A286C3;
			remoteInfo = "PokeDextro (iOS)";
		};
/* End PBXContainerItemProxy section */

/* Begin PBXFileReference section */
		BE30E23D2725DA2000EF3069 /* PokemonsDataModel.swift */ = {isa = PBXFileReference; lastKnownFileType = sourcecode.swift; path = PokemonsDataModel.swift; sourceTree = "<group>"; };
		BEE716712724D88C00A286C3 /* PokeDextroApp.swift */ = {isa = PBXFileReference; lastKnownFileType = sourcecode.swift; path = PokeDextroApp.swift; sourceTree = "<group>"; };
		BEE716722724D88C00A286C3 /* ContentView.swift */ = {isa = PBXFileReference; lastKnownFileType = sourcecode.swift; path = ContentView.swift; sourceTree = "<group>"; };
		BEE716732724D88E00A286C3 /* Assets.xcassets */ = {isa = PBXFileReference; lastKnownFileType = folder.assetcatalog; path = Assets.xcassets; sourceTree = "<group>"; };
		BEE716782724D88E00A286C3 /* PokeDextro.app */ = {isa = PBXFileReference; explicitFileType = wrapper.application; includeInIndex = 0; path = PokeDextro.app; sourceTree = BUILT_PRODUCTS_DIR; };
		BEE7168F2724D92900A286C3 /* PokemonList.swift */ = {isa = PBXFileReference; lastKnownFileType = sourcecode.swift; path = PokemonList.swift; sourceTree = "<group>"; };
		BEE716942724DA7700A286C3 /* Network.swift */ = {isa = PBXFileReference; lastKnownFileType = sourcecode.swift; path = Network.swift; sourceTree = "<group>"; };
		BEE716982724DACF00A286C3 /* Pokemon.swift */ = {isa = PBXFileReference; lastKnownFileType = sourcecode.swift; path = Pokemon.swift; sourceTree = "<group>"; };
		BEE7169B2724E18E00A286C3 /* PokemonCell.swift */ = {isa = PBXFileReference; lastKnownFileType = sourcecode.swift; path = PokemonCell.swift; sourceTree = "<group>"; };
		BEE7169D2724E39900A286C3 /* PokemonDescriptionView.swift */ = {isa = PBXFileReference; lastKnownFileType = sourcecode.swift; path = PokemonDescriptionView.swift; sourceTree = "<group>"; };
		BEE716A32724EE6E00A286C3 /* PokeDextroTests.xctest */ = {isa = PBXFileReference; explicitFileType = wrapper.cfbundle; includeInIndex = 0; path = PokeDextroTests.xctest; sourceTree = BUILT_PRODUCTS_DIR; };
		BEE716A52724EE6E00A286C3 /* PokeDextroNetworkTests.swift */ = {isa = PBXFileReference; lastKnownFileType = sourcecode.swift; path = PokeDextroNetworkTests.swift; sourceTree = "<group>"; };
		BEE716AF2724F1CC00A286C3 /* Data+Extension.swift */ = {isa = PBXFileReference; lastKnownFileType = sourcecode.swift; path = "Data+Extension.swift"; sourceTree = "<group>"; };
		BEE716B22724F8C300A286C3 /* PokedexView.swift */ = {isa = PBXFileReference; lastKnownFileType = sourcecode.swift; path = PokedexView.swift; sourceTree = "<group>"; };
		BEE716B72724FC6000A286C3 /* CacheAsyncImage.swift */ = {isa = PBXFileReference; lastKnownFileType = sourcecode.swift; path = CacheAsyncImage.swift; sourceTree = "<group>"; };
		BEE716B9272508B900A286C3 /* ErrorView.swift */ = {isa = PBXFileReference; lastKnownFileType = sourcecode.swift; path = ErrorView.swift; sourceTree = "<group>"; };
/* End PBXFileReference section */

/* Begin PBXFrameworksBuildPhase section */
		BEE716752724D88E00A286C3 /* Frameworks */ = {
			isa = PBXFrameworksBuildPhase;
			buildActionMask = 2147483647;
			files = (
			);
			runOnlyForDeploymentPostprocessing = 0;
		};
		BEE716A02724EE6E00A286C3 /* Frameworks */ = {
			isa = PBXFrameworksBuildPhase;
			buildActionMask = 2147483647;
			files = (
			);
			runOnlyForDeploymentPostprocessing = 0;
		};
/* End PBXFrameworksBuildPhase section */

/* Begin PBXGroup section */
		BE30E23C2725DA0E00EF3069 /* DataModel */ = {
			isa = PBXGroup;
			children = (
				BE30E23D2725DA2000EF3069 /* PokemonsDataModel.swift */,
			);
			path = DataModel;
			sourceTree = "<group>";
		};
		BE30E23F2725EF1B00EF3069 /* Home */ = {
			isa = PBXGroup;
			children = (
				BEE716B9272508B900A286C3 /* ErrorView.swift */,
				BEE716722724D88C00A286C3 /* ContentView.swift */,
				BEE7168F2724D92900A286C3 /* PokemonList.swift */,
				BEE7169B2724E18E00A286C3 /* PokemonCell.swift */,
				BEE7169D2724E39900A286C3 /* PokemonDescriptionView.swift */,
				BEE716B22724F8C300A286C3 /* PokedexView.swift */,
			);
			path = Home;
			sourceTree = "<group>";
		};
		BEE7166B2724D88C00A286C3 = {
			isa = PBXGroup;
			children = (
				BEE716702724D88C00A286C3 /* Pokedex */,
				BEE716A42724EE6E00A286C3 /* PokeDextroTests */,
				BEE716792724D88E00A286C3 /* Products */,
			);
			sourceTree = "<group>";
		};
		BEE716702724D88C00A286C3 /* Pokedex */ = {
			isa = PBXGroup;
			children = (
				BE30E23C2725DA0E00EF3069 /* DataModel */,
				BEE716AC2724F1A600A286C3 /* Utils */,
				BEE716972724DAC500A286C3 /* Model */,
				BEE716B42724FC1700A286C3 /* Cache */,
				BEE716932724DA6200A286C3 /* Network */,
				BEE716922724DA5500A286C3 /* UI */,
				BEE716732724D88E00A286C3 /* Assets.xcassets */,
			);
			path = Pokedex;
			sourceTree = "<group>";
		};
		BEE716792724D88E00A286C3 /* Products */ = {
			isa = PBXGroup;
			children = (
				BEE716782724D88E00A286C3 /* PokeDextro.app */,
				BEE716A32724EE6E00A286C3 /* PokeDextroTests.xctest */,
			);
			name = Products;
			sourceTree = "<group>";
		};
		BEE716922724DA5500A286C3 /* UI */ = {
			isa = PBXGroup;
			children = (
				BE30E23F2725EF1B00EF3069 /* Home */,
				BEE716712724D88C00A286C3 /* PokeDextroApp.swift */,
			);
			path = UI;
			sourceTree = "<group>";
		};
		BEE716932724DA6200A286C3 /* Network */ = {
			isa = PBXGroup;
			children = (
				BEE716942724DA7700A286C3 /* Network.swift */,
			);
			path = Network;
			sourceTree = "<group>";
		};
		BEE716972724DAC500A286C3 /* Model */ = {
			isa = PBXGroup;
			children = (
				BEE716982724DACF00A286C3 /* Pokemon.swift */,
			);
			path = Model;
			sourceTree = "<group>";
		};
		BEE716A42724EE6E00A286C3 /* PokeDextroTests */ = {
			isa = PBXGroup;
			children = (
				BEE716B12724F5D800A286C3 /* NetoworkTest */,
			);
			path = PokeDextroTests;
			sourceTree = "<group>";
		};
		BEE716AC2724F1A600A286C3 /* Utils */ = {
			isa = PBXGroup;
			children = (
				BEE716AD2724F1B200A286C3 /* Extensions */,
			);
			path = Utils;
			sourceTree = "<group>";
		};
		BEE716AD2724F1B200A286C3 /* Extensions */ = {
			isa = PBXGroup;
			children = (
				BEE716AF2724F1CC00A286C3 /* Data+Extension.swift */,
			);
			path = Extensions;
			sourceTree = "<group>";
		};
		BEE716B12724F5D800A286C3 /* NetoworkTest */ = {
			isa = PBXGroup;
			children = (
				BEE716A52724EE6E00A286C3 /* PokeDextroNetworkTests.swift */,
			);
			path = NetoworkTest;
			sourceTree = "<group>";
		};
		BEE716B42724FC1700A286C3 /* Cache */ = {
			isa = PBXGroup;
			children = (
				BEE716B72724FC6000A286C3 /* CacheAsyncImage.swift */,
			);
			path = Cache;
			sourceTree = "<group>";
		};
/* End PBXGroup section */

/* Begin PBXNativeTarget section */
		BEE716772724D88E00A286C3 /* PokeDextro (iOS) */ = {
			isa = PBXNativeTarget;
			buildConfigurationList = BEE716892724D88E00A286C3 /* Build configuration list for PBXNativeTarget "PokeDextro (iOS)" */;
			buildPhases = (
				BEE716742724D88E00A286C3 /* Sources */,
				BEE716752724D88E00A286C3 /* Frameworks */,
				BEE716762724D88E00A286C3 /* Resources */,
			);
			buildRules = (
			);
			dependencies = (
			);
			name = "PokeDextro (iOS)";
			productName = "PokeDextro (iOS)";
			productReference = BEE716782724D88E00A286C3 /* PokeDextro.app */;
			productType = "com.apple.product-type.application";
		};
		BEE716A22724EE6E00A286C3 /* PokeDextroTests */ = {
			isa = PBXNativeTarget;
			buildConfigurationList = BEE716A92724EE6E00A286C3 /* Build configuration list for PBXNativeTarget "PokeDextroTests" */;
			buildPhases = (
				BEE7169F2724EE6E00A286C3 /* Sources */,
				BEE716A02724EE6E00A286C3 /* Frameworks */,
				BEE716A12724EE6E00A286C3 /* Resources */,
			);
			buildRules = (
			);
			dependencies = (
				BEE716A82724EE6E00A286C3 /* PBXTargetDependency */,
			);
			name = PokeDextroTests;
			productName = PokeDextroTests;
			productReference = BEE716A32724EE6E00A286C3 /* PokeDextroTests.xctest */;
			productType = "com.apple.product-type.bundle.unit-test";
		};
/* End PBXNativeTarget section */

/* Begin PBXProject section */
		BEE7166C2724D88C00A286C3 /* Project object */ = {
			isa = PBXProject;
			attributes = {
				BuildIndependentTargetsInParallel = 1;
				LastSwiftUpdateCheck = 1300;
				LastUpgradeCheck = 1300;
				TargetAttributes = {
					BEE716772724D88E00A286C3 = {
						CreatedOnToolsVersion = 13.0;
					};
					BEE716A22724EE6E00A286C3 = {
						CreatedOnToolsVersion = 13.0;
						TestTargetID = BEE716772724D88E00A286C3;
					};
				};
			};
			buildConfigurationList = BEE7166F2724D88C00A286C3 /* Build configuration list for PBXProject "PokeDextro" */;
			compatibilityVersion = "Xcode 13.0";
			developmentRegion = en;
			hasScannedForEncodings = 0;
			knownRegions = (
				en,
				Base,
			);
			mainGroup = BEE7166B2724D88C00A286C3;
			productRefGroup = BEE716792724D88E00A286C3 /* Products */;
			projectDirPath = "";
			projectRoot = "";
			targets = (
				BEE716772724D88E00A286C3 /* PokeDextro (iOS) */,
				BEE716A22724EE6E00A286C3 /* PokeDextroTests */,
			);
		};
/* End PBXProject section */

/* Begin PBXResourcesBuildPhase section */
		BEE716762724D88E00A286C3 /* Resources */ = {
			isa = PBXResourcesBuildPhase;
			buildActionMask = 2147483647;
			files = (
				BEE716852724D88E00A286C3 /* Assets.xcassets in Resources */,
			);
			runOnlyForDeploymentPostprocessing = 0;
		};
		BEE716A12724EE6E00A286C3 /* Resources */ = {
			isa = PBXResourcesBuildPhase;
			buildActionMask = 2147483647;
			files = (
			);
			runOnlyForDeploymentPostprocessing = 0;
		};
/* End PBXResourcesBuildPhase section */

/* Begin PBXSourcesBuildPhase section */
		BEE716742724D88E00A286C3 /* Sources */ = {
			isa = PBXSourcesBuildPhase;
			buildActionMask = 2147483647;
			files = (
				BEE716B32724F8C300A286C3 /* PokedexView.swift in Sources */,
				BEE716B82724FC6000A286C3 /* CacheAsyncImage.swift in Sources */,
				BEE716992724DACF00A286C3 /* Pokemon.swift in Sources */,
				BEE716B02724F1CC00A286C3 /* Data+Extension.swift in Sources */,
				BEE7169E2724E39900A286C3 /* PokemonDescriptionView.swift in Sources */,
				BE30E23E2725DA2000EF3069 /* PokemonsDataModel.swift in Sources */,
				BEE716832724D88E00A286C3 /* ContentView.swift in Sources */,
				BEE716812724D88E00A286C3 /* PokeDextroApp.swift in Sources */,
				BEE716952724DA7700A286C3 /* Network.swift in Sources */,
				BEE716902724D92900A286C3 /* PokemonList.swift in Sources */,
				BEE7169C2724E18E00A286C3 /* PokemonCell.swift in Sources */,
				BEE716BA272508B900A286C3 /* ErrorView.swift in Sources */,
			);
			runOnlyForDeploymentPostprocessing = 0;
		};
		BEE7169F2724EE6E00A286C3 /* Sources */ = {
			isa = PBXSourcesBuildPhase;
			buildActionMask = 2147483647;
			files = (
				BEE716A62724EE6E00A286C3 /* PokeDextroNetworkTests.swift in Sources */,
			);
			runOnlyForDeploymentPostprocessing = 0;
		};
/* End PBXSourcesBuildPhase section */

/* Begin PBXTargetDependency section */
		BEE716A82724EE6E00A286C3 /* PBXTargetDependency */ = {
			isa = PBXTargetDependency;
			target = BEE716772724D88E00A286C3 /* PokeDextro (iOS) */;
			targetProxy = BEE716A72724EE6E00A286C3 /* PBXContainerItemProxy */;
		};
/* End PBXTargetDependency section */

/* Begin XCBuildConfiguration section */
		BEE716872724D88E00A286C3 /* Debug */ = {
			isa = XCBuildConfiguration;
			buildSettings = {
				ALWAYS_SEARCH_USER_PATHS = NO;
				CLANG_ANALYZER_NONNULL = YES;
				CLANG_ANALYZER_NUMBER_OBJECT_CONVERSION = YES_AGGRESSIVE;
				CLANG_CXX_LANGUAGE_STANDARD = "gnu++17";
				CLANG_CXX_LIBRARY = "libc++";
				CLANG_ENABLE_MODULES = YES;
				CLANG_ENABLE_OBJC_ARC = YES;
				CLANG_ENABLE_OBJC_WEAK = YES;
				CLANG_WARN_BLOCK_CAPTURE_AUTORELEASING = YES;
				CLANG_WARN_BOOL_CONVERSION = YES;
				CLANG_WARN_COMMA = YES;
				CLANG_WARN_CONSTANT_CONVERSION = YES;
				CLANG_WARN_DEPRECATED_OBJC_IMPLEMENTATIONS = YES;
				CLANG_WARN_DIRECT_OBJC_ISA_USAGE = YES_ERROR;
				CLANG_WARN_DOCUMENTATION_COMMENTS = YES;
				CLANG_WARN_EMPTY_BODY = YES;
				CLANG_WARN_ENUM_CONVERSION = YES;
				CLANG_WARN_INFINITE_RECURSION = YES;
				CLANG_WARN_INT_CONVERSION = YES;
				CLANG_WARN_NON_LITERAL_NULL_CONVERSION = YES;
				CLANG_WARN_OBJC_IMPLICIT_RETAIN_SELF = YES;
				CLANG_WARN_OBJC_LITERAL_CONVERSION = YES;
				CLANG_WARN_OBJC_ROOT_CLASS = YES_ERROR;
				CLANG_WARN_QUOTED_INCLUDE_IN_FRAMEWORK_HEADER = YES;
				CLANG_WARN_RANGE_LOOP_ANALYSIS = YES;
				CLANG_WARN_STRICT_PROTOTYPES = YES;
				CLANG_WARN_SUSPICIOUS_MOVE = YES;
				CLANG_WARN_UNGUARDED_AVAILABILITY = YES_AGGRESSIVE;
				CLANG_WARN_UNREACHABLE_CODE = YES;
				CLANG_WARN__DUPLICATE_METHOD_MATCH = YES;
				COPY_PHASE_STRIP = NO;
				DEBUG_INFORMATION_FORMAT = dwarf;
				ENABLE_STRICT_OBJC_MSGSEND = YES;
				ENABLE_TESTABILITY = YES;
				GCC_C_LANGUAGE_STANDARD = gnu11;
				GCC_DYNAMIC_NO_PIC = NO;
				GCC_NO_COMMON_BLOCKS = YES;
				GCC_OPTIMIZATION_LEVEL = 0;
				GCC_PREPROCESSOR_DEFINITIONS = (
					"DEBUG=1",
					"$(inherited)",
				);
				GCC_WARN_64_TO_32_BIT_CONVERSION = YES;
				GCC_WARN_ABOUT_RETURN_TYPE = YES_ERROR;
				GCC_WARN_UNDECLARED_SELECTOR = YES;
				GCC_WARN_UNINITIALIZED_AUTOS = YES_AGGRESSIVE;
				GCC_WARN_UNUSED_FUNCTION = YES;
				GCC_WARN_UNUSED_VARIABLE = YES;
				MTL_ENABLE_DEBUG_INFO = INCLUDE_SOURCE;
				MTL_FAST_MATH = YES;
				ONLY_ACTIVE_ARCH = YES;
				SWIFT_ACTIVE_COMPILATION_CONDITIONS = DEBUG;
				SWIFT_OPTIMIZATION_LEVEL = "-Onone";
			};
			name = Debug;
		};
		BEE716882724D88E00A286C3 /* Release */ = {
			isa = XCBuildConfiguration;
			buildSettings = {
				ALWAYS_SEARCH_USER_PATHS = NO;
				CLANG_ANALYZER_NONNULL = YES;
				CLANG_ANALYZER_NUMBER_OBJECT_CONVERSION = YES_AGGRESSIVE;
				CLANG_CXX_LANGUAGE_STANDARD = "gnu++17";
				CLANG_CXX_LIBRARY = "libc++";
				CLANG_ENABLE_MODULES = YES;
				CLANG_ENABLE_OBJC_ARC = YES;
				CLANG_ENABLE_OBJC_WEAK = YES;
				CLANG_WARN_BLOCK_CAPTURE_AUTORELEASING = YES;
				CLANG_WARN_BOOL_CONVERSION = YES;
				CLANG_WARN_COMMA = YES;
				CLANG_WARN_CONSTANT_CONVERSION = YES;
				CLANG_WARN_DEPRECATED_OBJC_IMPLEMENTATIONS = YES;
				CLANG_WARN_DIRECT_OBJC_ISA_USAGE = YES_ERROR;
				CLANG_WARN_DOCUMENTATION_COMMENTS = YES;
				CLANG_WARN_EMPTY_BODY = YES;
				CLANG_WARN_ENUM_CONVERSION = YES;
				CLANG_WARN_INFINITE_RECURSION = YES;
				CLANG_WARN_INT_CONVERSION = YES;
				CLANG_WARN_NON_LITERAL_NULL_CONVERSION = YES;
				CLANG_WARN_OBJC_IMPLICIT_RETAIN_SELF = YES;
				CLANG_WARN_OBJC_LITERAL_CONVERSION = YES;
				CLANG_WARN_OBJC_ROOT_CLASS = YES_ERROR;
				CLANG_WARN_QUOTED_INCLUDE_IN_FRAMEWORK_HEADER = YES;
				CLANG_WARN_RANGE_LOOP_ANALYSIS = YES;
				CLANG_WARN_STRICT_PROTOTYPES = YES;
				CLANG_WARN_SUSPICIOUS_MOVE = YES;
				CLANG_WARN_UNGUARDED_AVAILABILITY = YES_AGGRESSIVE;
				CLANG_WARN_UNREACHABLE_CODE = YES;
				CLANG_WARN__DUPLICATE_METHOD_MATCH = YES;
				COPY_PHASE_STRIP = NO;
				DEBUG_INFORMATION_FORMAT = "dwarf-with-dsym";
				ENABLE_NS_ASSERTIONS = NO;
				ENABLE_STRICT_OBJC_MSGSEND = YES;
				GCC_C_LANGUAGE_STANDARD = gnu11;
				GCC_NO_COMMON_BLOCKS = YES;
				GCC_WARN_64_TO_32_BIT_CONVERSION = YES;
				GCC_WARN_ABOUT_RETURN_TYPE = YES_ERROR;
				GCC_WARN_UNDECLARED_SELECTOR = YES;
				GCC_WARN_UNINITIALIZED_AUTOS = YES_AGGRESSIVE;
				GCC_WARN_UNUSED_FUNCTION = YES;
				GCC_WARN_UNUSED_VARIABLE = YES;
				MTL_ENABLE_DEBUG_INFO = NO;
				MTL_FAST_MATH = YES;
				SWIFT_COMPILATION_MODE = wholemodule;
				SWIFT_OPTIMIZATION_LEVEL = "-O";
			};
			name = Release;
		};
		BEE7168A2724D88E00A286C3 /* Debug */ = {
			isa = XCBuildConfiguration;
			buildSettings = {
				ASSETCATALOG_COMPILER_APPICON_NAME = AppIcon;
				ASSETCATALOG_COMPILER_GLOBAL_ACCENT_COLOR_NAME = AccentColor;
				CODE_SIGN_STYLE = Automatic;
				CURRENT_PROJECT_VERSION = 1;
				DEVELOPMENT_TEAM = SDANZ899RF;
				ENABLE_PREVIEWS = YES;
				GENERATE_INFOPLIST_FILE = YES;
				INFOPLIST_KEY_UIApplicationSceneManifest_Generation = YES;
				INFOPLIST_KEY_UIApplicationSupportsIndirectInputEvents = YES;
				INFOPLIST_KEY_UILaunchScreen_Generation = YES;
				INFOPLIST_KEY_UISupportedInterfaceOrientations_iPad = "UIInterfaceOrientationPortrait UIInterfaceOrientationPortraitUpsideDown UIInterfaceOrientationLandscapeLeft UIInterfaceOrientationLandscapeRight";
				INFOPLIST_KEY_UISupportedInterfaceOrientations_iPhone = "UIInterfaceOrientationPortrait UIInterfaceOrientationLandscapeLeft UIInterfaceOrientationLandscapeRight";
				IPHONEOS_DEPLOYMENT_TARGET = 15.0;
				LD_RUNPATH_SEARCH_PATHS = (
					"$(inherited)",
					"@executable_path/Frameworks",
				);
				MARKETING_VERSION = 1.0;
				PRODUCT_BUNDLE_IDENTIFIER = com.cerovaroproductions.PokeDextro;
				PRODUCT_NAME = PokeDextro;
				SDKROOT = iphoneos;
				SWIFT_EMIT_LOC_STRINGS = YES;
				SWIFT_VERSION = 5.0;
				TARGETED_DEVICE_FAMILY = "1,2";
			};
			name = Debug;
		};
		BEE7168B2724D88E00A286C3 /* Release */ = {
			isa = XCBuildConfiguration;
			buildSettings = {
				ASSETCATALOG_COMPILER_APPICON_NAME = AppIcon;
				ASSETCATALOG_COMPILER_GLOBAL_ACCENT_COLOR_NAME = AccentColor;
				CODE_SIGN_STYLE = Automatic;
				CURRENT_PROJECT_VERSION = 1;
				DEVELOPMENT_TEAM = SDANZ899RF;
				ENABLE_PREVIEWS = YES;
				GENERATE_INFOPLIST_FILE = YES;
				INFOPLIST_KEY_UIApplicationSceneManifest_Generation = YES;
				INFOPLIST_KEY_UIApplicationSupportsIndirectInputEvents = YES;
				INFOPLIST_KEY_UILaunchScreen_Generation = YES;
				INFOPLIST_KEY_UISupportedInterfaceOrientations_iPad = "UIInterfaceOrientationPortrait UIInterfaceOrientationPortraitUpsideDown UIInterfaceOrientationLandscapeLeft UIInterfaceOrientationLandscapeRight";
				INFOPLIST_KEY_UISupportedInterfaceOrientations_iPhone = "UIInterfaceOrientationPortrait UIInterfaceOrientationLandscapeLeft UIInterfaceOrientationLandscapeRight";
				IPHONEOS_DEPLOYMENT_TARGET = 15.0;
				LD_RUNPATH_SEARCH_PATHS = (
					"$(inherited)",
					"@executable_path/Frameworks",
				);
				MARKETING_VERSION = 1.0;
				PRODUCT_BUNDLE_IDENTIFIER = com.cerovaroproductions.PokeDextro;
				PRODUCT_NAME = PokeDextro;
				SDKROOT = iphoneos;
				SWIFT_EMIT_LOC_STRINGS = YES;
				SWIFT_VERSION = 5.0;
				TARGETED_DEVICE_FAMILY = "1,2";
				VALIDATE_PRODUCT = YES;
			};
			name = Release;
		};
		BEE716AA2724EE6E00A286C3 /* Debug */ = {
			isa = XCBuildConfiguration;
			buildSettings = {
				BUNDLE_LOADER = "$(TEST_HOST)";
				CODE_SIGN_STYLE = Automatic;
				CURRENT_PROJECT_VERSION = 1;
				DEVELOPMENT_TEAM = SDANZ899RF;
				GENERATE_INFOPLIST_FILE = YES;
				IPHONEOS_DEPLOYMENT_TARGET = 15.0;
				LD_RUNPATH_SEARCH_PATHS = (
					"$(inherited)",
					"@executable_path/Frameworks",
					"@loader_path/Frameworks",
				);
				MARKETING_VERSION = 1.0;
				PRODUCT_BUNDLE_IDENTIFIER = com.cerovaroproductions.PokeDextroTests;
				PRODUCT_NAME = "$(TARGET_NAME)";
				SDKROOT = iphoneos;
				SWIFT_EMIT_LOC_STRINGS = NO;
				SWIFT_VERSION = 5.0;
				TARGETED_DEVICE_FAMILY = "1,2";
				TEST_HOST = "$(BUILT_PRODUCTS_DIR)/PokeDextro.app/PokeDextro";
			};
			name = Debug;
		};
		BEE716AB2724EE6E00A286C3 /* Release */ = {
			isa = XCBuildConfiguration;
			buildSettings = {
				BUNDLE_LOADER = "$(TEST_HOST)";
				CODE_SIGN_STYLE = Automatic;
				CURRENT_PROJECT_VERSION = 1;
				DEVELOPMENT_TEAM = SDANZ899RF;
				GENERATE_INFOPLIST_FILE = YES;
				IPHONEOS_DEPLOYMENT_TARGET = 15.0;
				LD_RUNPATH_SEARCH_PATHS = (
					"$(inherited)",
					"@executable_path/Frameworks",
					"@loader_path/Frameworks",
				);
				MARKETING_VERSION = 1.0;
				PRODUCT_BUNDLE_IDENTIFIER = com.cerovaroproductions.PokeDextroTests;
				PRODUCT_NAME = "$(TARGET_NAME)";
				SDKROOT = iphoneos;
				SWIFT_EMIT_LOC_STRINGS = NO;
				SWIFT_VERSION = 5.0;
				TARGETED_DEVICE_FAMILY = "1,2";
				TEST_HOST = "$(BUILT_PRODUCTS_DIR)/PokeDextro.app/PokeDextro";
				VALIDATE_PRODUCT = YES;
			};
			name = Release;
		};
/* End XCBuildConfiguration section */

/* Begin XCConfigurationList section */
		BEE7166F2724D88C00A286C3 /* Build configuration list for PBXProject "PokeDextro" */ = {
			isa = XCConfigurationList;
			buildConfigurations = (
				BEE716872724D88E00A286C3 /* Debug */,
				BEE716882724D88E00A286C3 /* Release */,
			);
			defaultConfigurationIsVisible = 0;
			defaultConfigurationName = Release;
		};
		BEE716892724D88E00A286C3 /* Build configuration list for PBXNativeTarget "PokeDextro (iOS)" */ = {
			isa = XCConfigurationList;
			buildConfigurations = (
				BEE7168A2724D88E00A286C3 /* Debug */,
				BEE7168B2724D88E00A286C3 /* Release */,
			);
			defaultConfigurationIsVisible = 0;
			defaultConfigurationName = Release;
		};
		BEE716A92724EE6E00A286C3 /* Build configuration list for PBXNativeTarget "PokeDextroTests" */ = {
			isa = XCConfigurationList;
			buildConfigurations = (
				BEE716AA2724EE6E00A286C3 /* Debug */,
				BEE716AB2724EE6E00A286C3 /* Release */,
			);
			defaultConfigurationIsVisible = 0;
			defaultConfigurationName = Release;
		};
/* End XCConfigurationList section */
	};
	rootObject = BEE7166C2724D88C00A286C3 /* Project object */;
}
